
Microsoft Visual Studio Solution File, Format Version 12.00
# Visual Studio Version 17
VisualStudioVersion = 17.9.34701.34
MinimumVisualStudioVersion = 10.0.40219.1
Project("{FAE04EC0-301F-11D3-BF4B-00C04F79EFBC}") = "C# HW6", "C# HW6\C# HW6.csproj", "{D43DABB8-17B6-4B72-8984-D303A94439D9}"
EndProject
Global
	GlobalSection(SolutionConfigurationPlatforms) = preSolution
		Debug|Any CPU = Debug|Any CPU
		Release|Any CPU = Release|Any CPU
	EndGlobalSection
	GlobalSection(ProjectConfigurationPlatforms) = postSolution
		{D43DABB8-17B6-4B72-8984-D303A94439D9}.Debug|Any CPU.ActiveCfg = Debug|Any CPU
		{D43DABB8-17B6-4B72-8984-D303A94439D9}.Debug|Any CPU.Build.0 = Debug|Any CPU
		{D43DABB8-17B6-4B72-8984-D303A94439D9}.Release|Any CPU.ActiveCfg = Release|Any CPU
		{D43DABB8-17B6-4B72-8984-D303A94439D9}.Release|Any CPU.Build.0 = Release|Any CPU
	EndGlobalSection
	GlobalSection(SolutionProperties) = preSolution
		HideSolutionNode = FALSE
	EndGlobalSection
	GlobalSection(ExtensibilityGlobals) = postSolution
		SolutionGuid = {B3EAA967-E38F-4632-A66E-4D8EB233701B}
	EndGlobalSection
EndGlobal
